
Microsoft Visual Studio Solution File, Format Version 12.00
# Visual Studio 14
VisualStudioVersion = 14.0.25420.1
MinimumVisualStudioVersion = 10.0.40219.1
Project("{FAE04EC0-301F-11D3-BF4B-00C04F79EFBC}") = "Venetian", "Venetian\Venetian.csproj", "{5D425A9F-CCAA-4F31-AEEC-328511CADF0F}"
EndProject
Project("{FAE04EC0-301F-11D3-BF4B-00C04F79EFBC}") = "Venetian.DomainClasses", "Venetian.DomainClasses\Venetian.DomainClasses.csproj", "{C9DFC558-EC9B-4D67-ACD3-CE65DCFA11E1}"
EndProject
Project("{FAE04EC0-301F-11D3-BF4B-00C04F79EFBC}") = "Venetian.DataLayer", "Venetian.DataLayer\Venetian.DataLayer.csproj", "{31813A68-DD2D-454D-9DC6-6615EE15FB3A}"
EndProject
Project("{FAE04EC0-301F-11D3-BF4B-00C04F79EFBC}") = "Venetian.BusinessLayer", "Venetian.BusinessLayer\Venetian.BusinessLayer.csproj", "{91FF0899-1AE5-4761-A162-9E059BC54F0E}"
EndProject
Global
	GlobalSection(SolutionConfigurationPlatforms) = preSolution
		Debug|Any CPU = Debug|Any CPU
		Release|Any CPU = Release|Any CPU
	EndGlobalSection
	GlobalSection(ProjectConfigurationPlatforms) = postSolution
		{5D425A9F-CCAA-4F31-AEEC-328511CADF0F}.Debug|Any CPU.ActiveCfg = Debug|Any CPU
		{5D425A9F-CCAA-4F31-AEEC-328511CADF0F}.Debug|Any CPU.Build.0 = Debug|Any CPU
		{5D425A9F-CCAA-4F31-AEEC-328511CADF0F}.Release|Any CPU.ActiveCfg = Release|Any CPU
		{5D425A9F-CCAA-4F31-AEEC-328511CADF0F}.Release|Any CPU.Build.0 = Release|Any CPU
		{C9DFC558-EC9B-4D67-ACD3-CE65DCFA11E1}.Debug|Any CPU.ActiveCfg = Debug|Any CPU
		{C9DFC558-EC9B-4D67-ACD3-CE65DCFA11E1}.Debug|Any CPU.Build.0 = Debug|Any CPU
		{C9DFC558-EC9B-4D67-ACD3-CE65DCFA11E1}.Release|Any CPU.ActiveCfg = Release|Any CPU
		{C9DFC558-EC9B-4D67-ACD3-CE65DCFA11E1}.Release|Any CPU.Build.0 = Release|Any CPU
		{31813A68-DD2D-454D-9DC6-6615EE15FB3A}.Debug|Any CPU.ActiveCfg = Debug|Any CPU
		{31813A68-DD2D-454D-9DC6-6615EE15FB3A}.Debug|Any CPU.Build.0 = Debug|Any CPU
		{31813A68-DD2D-454D-9DC6-6615EE15FB3A}.Release|Any CPU.ActiveCfg = Release|Any CPU
		{31813A68-DD2D-454D-9DC6-6615EE15FB3A}.Release|Any CPU.Build.0 = Release|Any CPU
		{91FF0899-1AE5-4761-A162-9E059BC54F0E}.Debug|Any CPU.ActiveCfg = Debug|Any CPU
		{91FF0899-1AE5-4761-A162-9E059BC54F0E}.Debug|Any CPU.Build.0 = Debug|Any CPU
		{91FF0899-1AE5-4761-A162-9E059BC54F0E}.Release|Any CPU.ActiveCfg = Release|Any CPU
		{91FF0899-1AE5-4761-A162-9E059BC54F0E}.Release|Any CPU.Build.0 = Release|Any CPU
	EndGlobalSection
	GlobalSection(SolutionProperties) = preSolution
		HideSolutionNode = FALSE
	EndGlobalSection
EndGlobal
